
Microsoft Visual Studio Solution File, Format Version 12.00
# Visual Studio Version 17
VisualStudioVersion = 17.13.35806.99 d17.13
MinimumVisualStudioVersion = 10.0.40219.1
Project("{8BC9CEB8-8B4A-11D0-8D11-00A0C91BC942}") = "conditonloop", "conditonloop\conditonloop.vcxproj", "{3B1B90D9-FFAD-40E3-876C-71F122994AE2}"
EndProject
Global
	GlobalSection(SolutionConfigurationPlatforms) = preSolution
		Debug|x64 = Debug|x64
		Debug|x86 = Debug|x86
		Release|x64 = Release|x64
		Release|x86 = Release|x86
	EndGlobalSection
	GlobalSection(ProjectConfigurationPlatforms) = postSolution
		{3B1B90D9-FFAD-40E3-876C-71F122994AE2}.Debug|x64.ActiveCfg = Debug|x64
		{3B1B90D9-FFAD-40E3-876C-71F122994AE2}.Debug|x64.Build.0 = Debug|x64
		{3B1B90D9-FFAD-40E3-876C-71F122994AE2}.Debug|x86.ActiveCfg = Debug|Win32
		{3B1B90D9-FFAD-40E3-876C-71F122994AE2}.Debug|x86.Build.0 = Debug|Win32
		{3B1B90D9-FFAD-40E3-876C-71F122994AE2}.Release|x64.ActiveCfg = Release|x64
		{3B1B90D9-FFAD-40E3-876C-71F122994AE2}.Release|x64.Build.0 = Release|x64
		{3B1B90D9-FFAD-40E3-876C-71F122994AE2}.Release|x86.ActiveCfg = Release|Win32
		{3B1B90D9-FFAD-40E3-876C-71F122994AE2}.Release|x86.Build.0 = Release|Win32
	EndGlobalSection
	GlobalSection(SolutionProperties) = preSolution
		HideSolutionNode = FALSE
	EndGlobalSection
	GlobalSection(ExtensibilityGlobals) = postSolution
		SolutionGuid = {29B8B71F-96BC-4DBF-914A-D0A4BD1D4B49}
	EndGlobalSection
EndGlobal
